
Microsoft Visual Studio Solution File, Format Version 12.00
# Visual Studio 15
Project("{FAE04EC0-301F-11D3-BF4B-00C04F79EFBC}") = "Assembly-CSharp", "Assembly-CSharp.csproj", "{B3B6DB95-874D-076A-2E81-5E5E203E1E1A}"
EndProject
Project("{FAE04EC0-301F-11D3-BF4B-00C04F79EFBC}") = "Assembly-CSharp-firstpass", "Assembly-CSharp-firstpass.csproj", "{C19581DF-6925-6AEA-5A31-32D3FCB76D15}"
EndProject
Project("{FAE04EC0-301F-11D3-BF4B-00C04F79EFBC}") = "Assembly-CSharp-Editor", "Assembly-CSharp-Editor.csproj", "{E05B93C8-9623-61CE-BD2A-7F5F231325D3}"
EndProject
Global
	GlobalSection(SolutionConfigurationPlatforms) = preSolution
		Debug|Any CPU = Debug|Any CPU
		Release|Any CPU = Release|Any CPU
	EndGlobalSection
	GlobalSection(ProjectConfigurationPlatforms) = postSolution
		{B3B6DB95-874D-076A-2E81-5E5E203E1E1A}.Debug|Any CPU.ActiveCfg = Debug|Any CPU
		{B3B6DB95-874D-076A-2E81-5E5E203E1E1A}.Debug|Any CPU.Build.0 = Debug|Any CPU
		{B3B6DB95-874D-076A-2E81-5E5E203E1E1A}.Release|Any CPU.ActiveCfg = Release|Any CPU
		{B3B6DB95-874D-076A-2E81-5E5E203E1E1A}.Release|Any CPU.Build.0 = Release|Any CPU
		{C19581DF-6925-6AEA-5A31-32D3FCB76D15}.Debug|Any CPU.ActiveCfg = Debug|Any CPU
		{C19581DF-6925-6AEA-5A31-32D3FCB76D15}.Debug|Any CPU.Build.0 = Debug|Any CPU
		{C19581DF-6925-6AEA-5A31-32D3FCB76D15}.Release|Any CPU.ActiveCfg = Release|Any CPU
		{C19581DF-6925-6AEA-5A31-32D3FCB76D15}.Release|Any CPU.Build.0 = Release|Any CPU
		{E05B93C8-9623-61CE-BD2A-7F5F231325D3}.Debug|Any CPU.ActiveCfg = Debug|Any CPU
		{E05B93C8-9623-61CE-BD2A-7F5F231325D3}.Debug|Any CPU.Build.0 = Debug|Any CPU
		{E05B93C8-9623-61CE-BD2A-7F5F231325D3}.Release|Any CPU.ActiveCfg = Release|Any CPU
		{E05B93C8-9623-61CE-BD2A-7F5F231325D3}.Release|Any CPU.Build.0 = Release|Any CPU
	EndGlobalSection
	GlobalSection(SolutionProperties) = preSolution
		HideSolutionNode = FALSE
	EndGlobalSection
EndGlobal
