
Microsoft Visual Studio Solution File, Format Version 12.00
# Visual Studio 15
Project("{FAE04EC0-301F-11D3-BF4B-00C04F79EFBC}") = "Assembly-CSharp", "Assembly-CSharp.csproj", "{D06628D4-B58F-B81A-5107-9F999B12C197}"
EndProject
Project("{FAE04EC0-301F-11D3-BF4B-00C04F79EFBC}") = "Assembly-CSharp-firstpass", "Assembly-CSharp-firstpass.csproj", "{14ABE413-9126-67AB-F198-16E1778DCD73}"
EndProject
Project("{FAE04EC0-301F-11D3-BF4B-00C04F79EFBC}") = "Assembly-CSharp-Editor", "Assembly-CSharp-Editor.csproj", "{B7602751-FDC7-0DB1-A11F-2C2892D89FA9}"
EndProject
Global
	GlobalSection(SolutionConfigurationPlatforms) = preSolution
		Debug|Any CPU = Debug|Any CPU
		Release|Any CPU = Release|Any CPU
	EndGlobalSection
	GlobalSection(ProjectConfigurationPlatforms) = postSolution
		{D06628D4-B58F-B81A-5107-9F999B12C197}.Debug|Any CPU.ActiveCfg = Debug|Any CPU
		{D06628D4-B58F-B81A-5107-9F999B12C197}.Debug|Any CPU.Build.0 = Debug|Any CPU
		{D06628D4-B58F-B81A-5107-9F999B12C197}.Release|Any CPU.ActiveCfg = Release|Any CPU
		{D06628D4-B58F-B81A-5107-9F999B12C197}.Release|Any CPU.Build.0 = Release|Any CPU
		{14ABE413-9126-67AB-F198-16E1778DCD73}.Debug|Any CPU.ActiveCfg = Debug|Any CPU
		{14ABE413-9126-67AB-F198-16E1778DCD73}.Debug|Any CPU.Build.0 = Debug|Any CPU
		{14ABE413-9126-67AB-F198-16E1778DCD73}.Release|Any CPU.ActiveCfg = Release|Any CPU
		{14ABE413-9126-67AB-F198-16E1778DCD73}.Release|Any CPU.Build.0 = Release|Any CPU
		{B7602751-FDC7-0DB1-A11F-2C2892D89FA9}.Debug|Any CPU.ActiveCfg = Debug|Any CPU
		{B7602751-FDC7-0DB1-A11F-2C2892D89FA9}.Debug|Any CPU.Build.0 = Debug|Any CPU
		{B7602751-FDC7-0DB1-A11F-2C2892D89FA9}.Release|Any CPU.ActiveCfg = Release|Any CPU
		{B7602751-FDC7-0DB1-A11F-2C2892D89FA9}.Release|Any CPU.Build.0 = Release|Any CPU
	EndGlobalSection
	GlobalSection(SolutionProperties) = preSolution
		HideSolutionNode = FALSE
	EndGlobalSection
EndGlobal
